
Microsoft Visual Studio Solution File, Format Version 12.00
# Visual Studio 2012
Project("{FAE04EC0-301F-11D3-BF4B-00C04F79EFBC}") = "Demo.WebApi.Security.Web", "Demo.WebApi.Security.Web\Demo.WebApi.Security.Web.csproj", "{02C653CA-2D60-4849-9FA3-017B00DBA2AC}"
EndProject
Project("{FAE04EC0-301F-11D3-BF4B-00C04F79EFBC}") = "Demo.WebApi.Security.Web.Tests", "Demo.WebApi.Security.Web.Tests\Demo.WebApi.Security.Web.Tests.csproj", "{4D46EDA7-EF07-4097-AF07-5BC224B146E1}"
EndProject
Project("{2150E333-8FDC-42A3-9474-1A3956D46DE8}") = ".nuget", ".nuget", "{72BF2117-3D7E-450C-8239-D64F8408B71C}"
	ProjectSection(SolutionItems) = preProject
		.nuget\NuGet.Config = .nuget\NuGet.Config
		.nuget\NuGet.exe = .nuget\NuGet.exe
		.nuget\NuGet.targets = .nuget\NuGet.targets
	EndProjectSection
EndProject
Project("{2150E333-8FDC-42A3-9474-1A3956D46DE8}") = "Solution Items", "Solution Items", "{1616F340-D1BD-42F2-AB69-8AB4E3DCF821}"
	ProjectSection(SolutionItems) = preProject
		readme.md = readme.md
	EndProjectSection
EndProject
Global
	GlobalSection(SolutionConfigurationPlatforms) = preSolution
		Debug|Any CPU = Debug|Any CPU
		Release|Any CPU = Release|Any CPU
	EndGlobalSection
	GlobalSection(ProjectConfigurationPlatforms) = postSolution
		{02C653CA-2D60-4849-9FA3-017B00DBA2AC}.Debug|Any CPU.ActiveCfg = Debug|Any CPU
		{02C653CA-2D60-4849-9FA3-017B00DBA2AC}.Debug|Any CPU.Build.0 = Debug|Any CPU
		{02C653CA-2D60-4849-9FA3-017B00DBA2AC}.Release|Any CPU.ActiveCfg = Release|Any CPU
		{02C653CA-2D60-4849-9FA3-017B00DBA2AC}.Release|Any CPU.Build.0 = Release|Any CPU
		{4D46EDA7-EF07-4097-AF07-5BC224B146E1}.Debug|Any CPU.ActiveCfg = Debug|Any CPU
		{4D46EDA7-EF07-4097-AF07-5BC224B146E1}.Debug|Any CPU.Build.0 = Debug|Any CPU
		{4D46EDA7-EF07-4097-AF07-5BC224B146E1}.Release|Any CPU.ActiveCfg = Release|Any CPU
		{4D46EDA7-EF07-4097-AF07-5BC224B146E1}.Release|Any CPU.Build.0 = Release|Any CPU
	EndGlobalSection
	GlobalSection(SolutionProperties) = preSolution
		HideSolutionNode = FALSE
	EndGlobalSection
EndGlobal
