
Microsoft Visual Studio Solution File, Format Version 12.00
# Visual Studio 2012
Project("{FAE04EC0-301F-11D3-BF4B-00C04F79EFBC}") = "Demo.EditorTemplates.Web", "Demo.EditorTemplates.Web\Demo.EditorTemplates.Web.csproj", "{91734E9A-8B3F-44C5-AD5D-F41556E99BA4}"
EndProject
Global
	GlobalSection(SolutionConfigurationPlatforms) = preSolution
		Debug|Any CPU = Debug|Any CPU
		Release|Any CPU = Release|Any CPU
	EndGlobalSection
	GlobalSection(ProjectConfigurationPlatforms) = postSolution
		{91734E9A-8B3F-44C5-AD5D-F41556E99BA4}.Debug|Any CPU.ActiveCfg = Debug|Any CPU
		{91734E9A-8B3F-44C5-AD5D-F41556E99BA4}.Debug|Any CPU.Build.0 = Debug|Any CPU
		{91734E9A-8B3F-44C5-AD5D-F41556E99BA4}.Release|Any CPU.ActiveCfg = Release|Any CPU
		{91734E9A-8B3F-44C5-AD5D-F41556E99BA4}.Release|Any CPU.Build.0 = Release|Any CPU
	EndGlobalSection
	GlobalSection(SolutionProperties) = preSolution
		HideSolutionNode = FALSE
	EndGlobalSection
EndGlobal
